// !$*UTF8*$!
{
	archiveVersion = 1;
	classes = {
	};
	objectVersion = 50;
	objects = {

/* Begin PBXBuildFile section */
		F1AAA31B6E78EE943096B279 /* Pods_Todoey.framework in Frameworks */ = {isa = PBXBuildFile; fileRef = D3F5C629C32F7304F0EE2ABB /* Pods_Todoey.framework */; };
		F4A2AB1022E467CF00F9F438 /* AppDelegate.swift in Sources */ = {isa = PBXBuildFile; fileRef = F4A2AB0F22E467CF00F9F438 /* AppDelegate.swift */; };
		F4A2AB1222E467CF00F9F438 /* ToDoListViewController.swift in Sources */ = {isa = PBXBuildFile; fileRef = F4A2AB1122E467CF00F9F438 /* ToDoListViewController.swift */; };
		F4A2AB1522E467CF00F9F438 /* Main.storyboard in Resources */ = {isa = PBXBuildFile; fileRef = F4A2AB1322E467CF00F9F438 /* Main.storyboard */; };
		F4A2AB1722E467D100F9F438 /* Assets.xcassets in Resources */ = {isa = PBXBuildFile; fileRef = F4A2AB1622E467D100F9F438 /* Assets.xcassets */; };
		F4A2AB1A22E467D100F9F438 /* LaunchScreen.storyboard in Resources */ = {isa = PBXBuildFile; fileRef = F4A2AB1822E467D100F9F438 /* LaunchScreen.storyboard */; };
		F4BFC6E722E4E12600F4D249 /* DataModel.xcdatamodeld in Sources */ = {isa = PBXBuildFile; fileRef = F4BFC6E522E4E12600F4D249 /* DataModel.xcdatamodeld */; };
		F4D2272622E74948001F4971 /* CategoryViewController.swift in Sources */ = {isa = PBXBuildFile; fileRef = F4D2272522E74948001F4971 /* CategoryViewController.swift */; };
/* End PBXBuildFile section */

/* Begin PBXFileReference section */
		67700714F65B54319D8E6181 /* Pods-Todoey.release.xcconfig */ = {isa = PBXFileReference; includeInIndex = 1; lastKnownFileType = text.xcconfig; name = "Pods-Todoey.release.xcconfig"; path = "Target Support Files/Pods-Todoey/Pods-Todoey.release.xcconfig"; sourceTree = "<group>"; };
		C3FFEC2657E16D39A04896D3 /* Pods-Todoey.debug.xcconfig */ = {isa = PBXFileReference; includeInIndex = 1; lastKnownFileType = text.xcconfig; name = "Pods-Todoey.debug.xcconfig"; path = "Target Support Files/Pods-Todoey/Pods-Todoey.debug.xcconfig"; sourceTree = "<group>"; };
		D3F5C629C32F7304F0EE2ABB /* Pods_Todoey.framework */ = {isa = PBXFileReference; explicitFileType = wrapper.framework; includeInIndex = 0; path = Pods_Todoey.framework; sourceTree = BUILT_PRODUCTS_DIR; };
		F4A2AB0C22E467CF00F9F438 /* Todoey.app */ = {isa = PBXFileReference; explicitFileType = wrapper.application; includeInIndex = 0; path = Todoey.app; sourceTree = BUILT_PRODUCTS_DIR; };
		F4A2AB0F22E467CF00F9F438 /* AppDelegate.swift */ = {isa = PBXFileReference; lastKnownFileType = sourcecode.swift; path = AppDelegate.swift; sourceTree = "<group>"; };
		F4A2AB1122E467CF00F9F438 /* ToDoListViewController.swift */ = {isa = PBXFileReference; lastKnownFileType = sourcecode.swift; path = ToDoListViewController.swift; sourceTree = "<group>"; };
		F4A2AB1422E467CF00F9F438 /* Base */ = {isa = PBXFileReference; lastKnownFileType = file.storyboard; name = Base; path = Base.lproj/Main.storyboard; sourceTree = "<group>"; };
		F4A2AB1622E467D100F9F438 /* Assets.xcassets */ = {isa = PBXFileReference; lastKnownFileType = folder.assetcatalog; path = Assets.xcassets; sourceTree = "<group>"; };
		F4A2AB1922E467D100F9F438 /* Base */ = {isa = PBXFileReference; lastKnownFileType = file.storyboard; name = Base; path = Base.lproj/LaunchScreen.storyboard; sourceTree = "<group>"; };
		F4A2AB1B22E467D100F9F438 /* Info.plist */ = {isa = PBXFileReference; lastKnownFileType = text.plist.xml; path = Info.plist; sourceTree = "<group>"; };
		F4BFC6E622E4E12600F4D249 /* DataModel.xcdatamodel */ = {isa = PBXFileReference; lastKnownFileType = wrapper.xcdatamodel; path = DataModel.xcdatamodel; sourceTree = "<group>"; };
		F4D2272522E74948001F4971 /* CategoryViewController.swift */ = {isa = PBXFileReference; lastKnownFileType = sourcecode.swift; path = CategoryViewController.swift; sourceTree = "<group>"; };
/* End PBXFileReference section */

/* Begin PBXFrameworksBuildPhase section */
		F4A2AB0922E467CF00F9F438 /* Frameworks */ = {
			isa = PBXFrameworksBuildPhase;
			buildActionMask = 2147483647;
			files = (
				F1AAA31B6E78EE943096B279 /* Pods_Todoey.framework in Frameworks */,
			);
			runOnlyForDeploymentPostprocessing = 0;
		};
/* End PBXFrameworksBuildPhase section */

/* Begin PBXGroup section */
		389C6400D0892A1E50BB949F /* Pods */ = {
			isa = PBXGroup;
			children = (
				C3FFEC2657E16D39A04896D3 /* Pods-Todoey.debug.xcconfig */,
				67700714F65B54319D8E6181 /* Pods-Todoey.release.xcconfig */,
			);
			name = Pods;
			path = Pods;
			sourceTree = "<group>";
		};
		3DE8E67EE2415D5528C983C8 /* Frameworks */ = {
			isa = PBXGroup;
			children = (
				D3F5C629C32F7304F0EE2ABB /* Pods_Todoey.framework */,
			);
			name = Frameworks;
			sourceTree = "<group>";
		};
		F4A2AB0322E467CF00F9F438 = {
			isa = PBXGroup;
			children = (
				F4A2AB0E22E467CF00F9F438 /* Todoey */,
				F4A2AB0D22E467CF00F9F438 /* Products */,
				389C6400D0892A1E50BB949F /* Pods */,
				3DE8E67EE2415D5528C983C8 /* Frameworks */,
			);
			sourceTree = "<group>";
		};
		F4A2AB0D22E467CF00F9F438 /* Products */ = {
			isa = PBXGroup;
			children = (
				F4A2AB0C22E467CF00F9F438 /* Todoey.app */,
			);
			name = Products;
			sourceTree = "<group>";
		};
		F4A2AB0E22E467CF00F9F438 /* Todoey */ = {
			isa = PBXGroup;
			children = (
				F4A2AB0F22E467CF00F9F438 /* AppDelegate.swift */,
				F4BFC6E322E4B97E00F4D249 /* Controllers */,
				F4BFC6E122E4B94500F4D249 /* Data Model */,
				F4BFC6E222E4B97100F4D249 /* Views */,
				F4BFC6E422E4B99600F4D249 /* Supporting Files */,
				F4A2AB1B22E467D100F9F438 /* Info.plist */,
			);
			path = Todoey;
			sourceTree = "<group>";
		};
		F4BFC6E122E4B94500F4D249 /* Data Model */ = {
			isa = PBXGroup;
			children = (
				F4BFC6E522E4E12600F4D249 /* DataModel.xcdatamodeld */,
			);
			path = "Data Model";
			sourceTree = "<group>";
		};
		F4BFC6E222E4B97100F4D249 /* Views */ = {
			isa = PBXGroup;
			children = (
				F4A2AB1322E467CF00F9F438 /* Main.storyboard */,
			);
			path = Views;
			sourceTree = "<group>";
		};
		F4BFC6E322E4B97E00F4D249 /* Controllers */ = {
			isa = PBXGroup;
			children = (
				F4D2272522E74948001F4971 /* CategoryViewController.swift */,
				F4A2AB1122E467CF00F9F438 /* ToDoListViewController.swift */,
			);
			path = Controllers;
			sourceTree = "<group>";
		};
		F4BFC6E422E4B99600F4D249 /* Supporting Files */ = {
			isa = PBXGroup;
			children = (
				F4A2AB1622E467D100F9F438 /* Assets.xcassets */,
				F4A2AB1822E467D100F9F438 /* LaunchScreen.storyboard */,
			);
			path = "Supporting Files";
			sourceTree = "<group>";
		};
/* End PBXGroup section */

/* Begin PBXNativeTarget section */
		F4A2AB0B22E467CF00F9F438 /* Todoey */ = {
			isa = PBXNativeTarget;
			buildConfigurationList = F4A2AB1E22E467D100F9F438 /* Build configuration list for PBXNativeTarget "Todoey" */;
			buildPhases = (
				DC2D239CB40E1FDDF4184F18 /* [CP] Check Pods Manifest.lock */,
				F4A2AB0822E467CF00F9F438 /* Sources */,
				F4A2AB0922E467CF00F9F438 /* Frameworks */,
				F4A2AB0A22E467CF00F9F438 /* Resources */,
				18348704DF90CF0D241675AA /* [CP] Embed Pods Frameworks */,
			);
			buildRules = (
			);
			dependencies = (
			);
			name = Todoey;
			productName = Todoey;
			productReference = F4A2AB0C22E467CF00F9F438 /* Todoey.app */;
			productType = "com.apple.product-type.application";
		};
/* End PBXNativeTarget section */

/* Begin PBXProject section */
		F4A2AB0422E467CF00F9F438 /* Project object */ = {
			isa = PBXProject;
			attributes = {
				LastSwiftUpdateCheck = 1020;
				LastUpgradeCheck = 1020;
				ORGANIZATIONNAME = "Leonor Resende";
				TargetAttributes = {
					F4A2AB0B22E467CF00F9F438 = {
						CreatedOnToolsVersion = 10.2.1;
					};
				};
			};
			buildConfigurationList = F4A2AB0722E467CF00F9F438 /* Build configuration list for PBXProject "Todoey" */;
			compatibilityVersion = "Xcode 9.3";
			developmentRegion = en;
			hasScannedForEncodings = 0;
			knownRegions = (
				en,
				Base,
			);
			mainGroup = F4A2AB0322E467CF00F9F438;
			productRefGroup = F4A2AB0D22E467CF00F9F438 /* Products */;
			projectDirPath = "";
			projectRoot = "";
			targets = (
				F4A2AB0B22E467CF00F9F438 /* Todoey */,
			);
		};
/* End PBXProject section */

/* Begin PBXResourcesBuildPhase section */
		F4A2AB0A22E467CF00F9F438 /* Resources */ = {
			isa = PBXResourcesBuildPhase;
			buildActionMask = 2147483647;
			files = (
				F4A2AB1A22E467D100F9F438 /* LaunchScreen.storyboard in Resources */,
				F4A2AB1722E467D100F9F438 /* Assets.xcassets in Resources */,
				F4A2AB1522E467CF00F9F438 /* Main.storyboard in Resources */,
			);
			runOnlyForDeploymentPostprocessing = 0;
		};
/* End PBXResourcesBuildPhase section */

/* Begin PBXShellScriptBuildPhase section */
		18348704DF90CF0D241675AA /* [CP] Embed Pods Frameworks */ = {
			isa = PBXShellScriptBuildPhase;
			buildActionMask = 2147483647;
			files = (
			);
			inputFileListPaths = (
				"${PODS_ROOT}/Target Support Files/Pods-Todoey/Pods-Todoey-frameworks-${CONFIGURATION}-input-files.xcfilelist",
			);
			name = "[CP] Embed Pods Frameworks";
			outputFileListPaths = (
				"${PODS_ROOT}/Target Support Files/Pods-Todoey/Pods-Todoey-frameworks-${CONFIGURATION}-output-files.xcfilelist",
			);
			runOnlyForDeploymentPostprocessing = 0;
			shellPath = /bin/sh;
			shellScript = "\"${PODS_ROOT}/Target Support Files/Pods-Todoey/Pods-Todoey-frameworks.sh\"\n";
			showEnvVarsInLog = 0;
		};
		DC2D239CB40E1FDDF4184F18 /* [CP] Check Pods Manifest.lock */ = {
			isa = PBXShellScriptBuildPhase;
			buildActionMask = 2147483647;
			files = (
			);
			inputFileListPaths = (
			);
			inputPaths = (
				"${PODS_PODFILE_DIR_PATH}/Podfile.lock",
				"${PODS_ROOT}/Manifest.lock",
			);
			name = "[CP] Check Pods Manifest.lock";
			outputFileListPaths = (
			);
			outputPaths = (
				"$(DERIVED_FILE_DIR)/Pods-Todoey-checkManifestLockResult.txt",
			);
			runOnlyForDeploymentPostprocessing = 0;
			shellPath = /bin/sh;
			shellScript = "diff \"${PODS_PODFILE_DIR_PATH}/Podfile.lock\" \"${PODS_ROOT}/Manifest.lock\" > /dev/null\nif [ $? != 0 ] ; then\n    # print error to STDERR\n    echo \"error: The sandbox is not in sync with the Podfile.lock. Run 'pod install' or update your CocoaPods installation.\" >&2\n    exit 1\nfi\n# This output is used by Xcode 'outputs' to avoid re-running this script phase.\necho \"SUCCESS\" > \"${SCRIPT_OUTPUT_FILE_0}\"\n";
			showEnvVarsInLog = 0;
		};
/* End PBXShellScriptBuildPhase section */

/* Begin PBXSourcesBuildPhase section */
		F4A2AB0822E467CF00F9F438 /* Sources */ = {
			isa = PBXSourcesBuildPhase;
			buildActionMask = 2147483647;
			files = (
				F4D2272622E74948001F4971 /* CategoryViewController.swift in Sources */,
				F4A2AB1222E467CF00F9F438 /* ToDoListViewController.swift in Sources */,
				F4BFC6E722E4E12600F4D249 /* DataModel.xcdatamodeld in Sources */,
				F4A2AB1022E467CF00F9F438 /* AppDelegate.swift in Sources */,
			);
			runOnlyForDeploymentPostprocessing = 0;
		};
/* End PBXSourcesBuildPhase section */

/* Begin PBXVariantGroup section */
		F4A2AB1322E467CF00F9F438 /* Main.storyboard */ = {
			isa = PBXVariantGroup;
			children = (
				F4A2AB1422E467CF00F9F438 /* Base */,
			);
			name = Main.storyboard;
			sourceTree = "<group>";
		};
		F4A2AB1822E467D100F9F438 /* LaunchScreen.storyboard */ = {
			isa = PBXVariantGroup;
			children = (
				F4A2AB1922E467D100F9F438 /* Base */,
			);
			name = LaunchScreen.storyboard;
			sourceTree = "<group>";
		};
/* End PBXVariantGroup section */

/* Begin XCBuildConfiguration section */
		F4A2AB1C22E467D100F9F438 /* Debug */ = {
			isa = XCBuildConfiguration;
			buildSettings = {
				ALWAYS_SEARCH_USER_PATHS = NO;
				CLANG_ANALYZER_NONNULL = YES;
				CLANG_ANALYZER_NUMBER_OBJECT_CONVERSION = YES_AGGRESSIVE;
				CLANG_CXX_LANGUAGE_STANDARD = "gnu++14";
				CLANG_CXX_LIBRARY = "libc++";
				CLANG_ENABLE_MODULES = YES;
				CLANG_ENABLE_OBJC_ARC = YES;
				CLANG_ENABLE_OBJC_WEAK = YES;
				CLANG_WARN_BLOCK_CAPTURE_AUTORELEASING = YES;
				CLANG_WARN_BOOL_CONVERSION = YES;
				CLANG_WARN_COMMA = YES;
				CLANG_WARN_CONSTANT_CONVERSION = YES;
				CLANG_WARN_DEPRECATED_OBJC_IMPLEMENTATIONS = YES;
				CLANG_WARN_DIRECT_OBJC_ISA_USAGE = YES_ERROR;
				CLANG_WARN_DOCUMENTATION_COMMENTS = YES;
				CLANG_WARN_EMPTY_BODY = YES;
				CLANG_WARN_ENUM_CONVERSION = YES;
				CLANG_WARN_INFINITE_RECURSION = YES;
				CLANG_WARN_INT_CONVERSION = YES;
				CLANG_WARN_NON_LITERAL_NULL_CONVERSION = YES;
				CLANG_WARN_OBJC_IMPLICIT_RETAIN_SELF = YES;
				CLANG_WARN_OBJC_LITERAL_CONVERSION = YES;
				CLANG_WARN_OBJC_ROOT_CLASS = YES_ERROR;
				CLANG_WARN_RANGE_LOOP_ANALYSIS = YES;
				CLANG_WARN_STRICT_PROTOTYPES = YES;
				CLANG_WARN_SUSPICIOUS_MOVE = YES;
				CLANG_WARN_UNGUARDED_AVAILABILITY = YES_AGGRESSIVE;
				CLANG_WARN_UNREACHABLE_CODE = YES;
				CLANG_WARN__DUPLICATE_METHOD_MATCH = YES;
				CODE_SIGN_IDENTITY = "iPhone Developer";
				COPY_PHASE_STRIP = NO;
				DEBUG_INFORMATION_FORMAT = dwarf;
				ENABLE_STRICT_OBJC_MSGSEND = YES;
				ENABLE_TESTABILITY = YES;
				GCC_C_LANGUAGE_STANDARD = gnu11;
				GCC_DYNAMIC_NO_PIC = NO;
				GCC_NO_COMMON_BLOCKS = YES;
				GCC_OPTIMIZATION_LEVEL = 0;
				GCC_PREPROCESSOR_DEFINITIONS = (
					"DEBUG=1",
					"$(inherited)",
				);
				GCC_WARN_64_TO_32_BIT_CONVERSION = YES;
				GCC_WARN_ABOUT_RETURN_TYPE = YES_ERROR;
				GCC_WARN_UNDECLARED_SELECTOR = YES;
				GCC_WARN_UNINITIALIZED_AUTOS = YES_AGGRESSIVE;
				GCC_WARN_UNUSED_FUNCTION = YES;
				GCC_WARN_UNUSED_VARIABLE = YES;
				IPHONEOS_DEPLOYMENT_TARGET = 12.2;
				MTL_ENABLE_DEBUG_INFO = INCLUDE_SOURCE;
				MTL_FAST_MATH = YES;
				ONLY_ACTIVE_ARCH = YES;
				SDKROOT = iphoneos;
				SWIFT_ACTIVE_COMPILATION_CONDITIONS = DEBUG;
				SWIFT_OPTIMIZATION_LEVEL = "-Onone";
			};
			name = Debug;
		};
		F4A2AB1D22E467D100F9F438 /* Release */ = {
			isa = XCBuildConfiguration;
			buildSettings = {
				ALWAYS_SEARCH_USER_PATHS = NO;
				CLANG_ANALYZER_NONNULL = YES;
				CLANG_ANALYZER_NUMBER_OBJECT_CONVERSION = YES_AGGRESSIVE;
				CLANG_CXX_LANGUAGE_STANDARD = "gnu++14";
				CLANG_CXX_LIBRARY = "libc++";
				CLANG_ENABLE_MODULES = YES;
				CLANG_ENABLE_OBJC_ARC = YES;
				CLANG_ENABLE_OBJC_WEAK = YES;
				CLANG_WARN_BLOCK_CAPTURE_AUTORELEASING = YES;
				CLANG_WARN_BOOL_CONVERSION = YES;
				CLANG_WARN_COMMA = YES;
				CLANG_WARN_CONSTANT_CONVERSION = YES;
				CLANG_WARN_DEPRECATED_OBJC_IMPLEMENTATIONS = YES;
				CLANG_WARN_DIRECT_OBJC_ISA_USAGE = YES_ERROR;
				CLANG_WARN_DOCUMENTATION_COMMENTS = YES;
				CLANG_WARN_EMPTY_BODY = YES;
				CLANG_WARN_ENUM_CONVERSION = YES;
				CLANG_WARN_INFINITE_RECURSION = YES;
				CLANG_WARN_INT_CONVERSION = YES;
				CLANG_WARN_NON_LITERAL_NULL_CONVERSION = YES;
				CLANG_WARN_OBJC_IMPLICIT_RETAIN_SELF = YES;
				CLANG_WARN_OBJC_LITERAL_CONVERSION = YES;
				CLANG_WARN_OBJC_ROOT_CLASS = YES_ERROR;
				CLANG_WARN_RANGE_LOOP_ANALYSIS = YES;
				CLANG_WARN_STRICT_PROTOTYPES = YES;
				CLANG_WARN_SUSPICIOUS_MOVE = YES;
				CLANG_WARN_UNGUARDED_AVAILABILITY = YES_AGGRESSIVE;
				CLANG_WARN_UNREACHABLE_CODE = YES;
				CLANG_WARN__DUPLICATE_METHOD_MATCH = YES;
				CODE_SIGN_IDENTITY = "iPhone Developer";
				COPY_PHASE_STRIP = NO;
				DEBUG_INFORMATION_FORMAT = "dwarf-with-dsym";
				ENABLE_NS_ASSERTIONS = NO;
				ENABLE_STRICT_OBJC_MSGSEND = YES;
				GCC_C_LANGUAGE_STANDARD = gnu11;
				GCC_NO_COMMON_BLOCKS = YES;
				GCC_WARN_64_TO_32_BIT_CONVERSION = YES;
				GCC_WARN_ABOUT_RETURN_TYPE = YES_ERROR;
				GCC_WARN_UNDECLARED_SELECTOR = YES;
				GCC_WARN_UNINITIALIZED_AUTOS = YES_AGGRESSIVE;
				GCC_WARN_UNUSED_FUNCTION = YES;
				GCC_WARN_UNUSED_VARIABLE = YES;
				IPHONEOS_DEPLOYMENT_TARGET = 12.2;
				MTL_ENABLE_DEBUG_INFO = NO;
				MTL_FAST_MATH = YES;
				SDKROOT = iphoneos;
				SWIFT_COMPILATION_MODE = wholemodule;
				SWIFT_OPTIMIZATION_LEVEL = "-O";
				VALIDATE_PRODUCT = YES;
			};
			name = Release;
		};
		F4A2AB1F22E467D100F9F438 /* Debug */ = {
			isa = XCBuildConfiguration;
			baseConfigurationReference = C3FFEC2657E16D39A04896D3 /* Pods-Todoey.debug.xcconfig */;
			buildSettings = {
				ASSETCATALOG_COMPILER_APPICON_NAME = AppIcon;
				CODE_SIGN_STYLE = Automatic;
				DEVELOPMENT_TEAM = 4RT4YL768Q;
				INFOPLIST_FILE = Todoey/Info.plist;
				LD_RUNPATH_SEARCH_PATHS = (
					"$(inherited)",
					"@executable_path/Frameworks",
				);
				PRODUCT_BUNDLE_IDENTIFIER = com.leonorresende.Todoey;
				PRODUCT_NAME = "$(TARGET_NAME)";
				SWIFT_VERSION = 5.0;
				TARGETED_DEVICE_FAMILY = "1,2";
			};
			name = Debug;
		};
		F4A2AB2022E467D100F9F438 /* Release */ = {
			isa = XCBuildConfiguration;
			baseConfigurationReference = 67700714F65B54319D8E6181 /* Pods-Todoey.release.xcconfig */;
			buildSettings = {
				ASSETCATALOG_COMPILER_APPICON_NAME = AppIcon;
				CODE_SIGN_STYLE = Automatic;
				DEVELOPMENT_TEAM = 4RT4YL768Q;
				INFOPLIST_FILE = Todoey/Info.plist;
				LD_RUNPATH_SEARCH_PATHS = (
					"$(inherited)",
					"@executable_path/Frameworks",
				);
				PRODUCT_BUNDLE_IDENTIFIER = com.leonorresende.Todoey;
				PRODUCT_NAME = "$(TARGET_NAME)";
				SWIFT_VERSION = 5.0;
				TARGETED_DEVICE_FAMILY = "1,2";
			};
			name = Release;
		};
/* End XCBuildConfiguration section */

/* Begin XCConfigurationList section */
		F4A2AB0722E467CF00F9F438 /* Build configuration list for PBXProject "Todoey" */ = {
			isa = XCConfigurationList;
			buildConfigurations = (
				F4A2AB1C22E467D100F9F438 /* Debug */,
				F4A2AB1D22E467D100F9F438 /* Release */,
			);
			defaultConfigurationIsVisible = 0;
			defaultConfigurationName = Release;
		};
		F4A2AB1E22E467D100F9F438 /* Build configuration list for PBXNativeTarget "Todoey" */ = {
			isa = XCConfigurationList;
			buildConfigurations = (
				F4A2AB1F22E467D100F9F438 /* Debug */,
				F4A2AB2022E467D100F9F438 /* Release */,
			);
			defaultConfigurationIsVisible = 0;
			defaultConfigurationName = Release;
		};
/* End XCConfigurationList section */

/* Begin XCVersionGroup section */
		F4BFC6E522E4E12600F4D249 /* DataModel.xcdatamodeld */ = {
			isa = XCVersionGroup;
			children = (
				F4BFC6E622E4E12600F4D249 /* DataModel.xcdatamodel */,
			);
			currentVersion = F4BFC6E622E4E12600F4D249 /* DataModel.xcdatamodel */;
			path = DataModel.xcdatamodeld;
			sourceTree = "<group>";
			versionGroupType = wrapper.xcdatamodel;
		};
/* End XCVersionGroup section */
	};
	rootObject = F4A2AB0422E467CF00F9F438 /* Project object */;
}
